
Microsoft Visual Studio Solution File, Format Version 12.00
# Visual Studio Version 16
VisualStudioVersion = 16.0.29905.134
MinimumVisualStudioVersion = 10.0.40219.1
Project("{FAE04EC0-301F-11D3-BF4B-00C04F79EFBC}") = "BazarNetCore", "BazarNetCore.csproj", "{F34EEAC0-6A5E-4F91-851F-8EA9450C0212}"
EndProject
Global
	GlobalSection(SolutionConfigurationPlatforms) = preSolution
		Debug|Any CPU = Debug|Any CPU
		Release|Any CPU = Release|Any CPU
	EndGlobalSection
	GlobalSection(ProjectConfigurationPlatforms) = postSolution
		{F34EEAC0-6A5E-4F91-851F-8EA9450C0212}.Debug|Any CPU.ActiveCfg = Debug|Any CPU
		{F34EEAC0-6A5E-4F91-851F-8EA9450C0212}.Debug|Any CPU.Build.0 = Debug|Any CPU
		{F34EEAC0-6A5E-4F91-851F-8EA9450C0212}.Release|Any CPU.ActiveCfg = Release|Any CPU
		{F34EEAC0-6A5E-4F91-851F-8EA9450C0212}.Release|Any CPU.Build.0 = Release|Any CPU
	EndGlobalSection
	GlobalSection(SolutionProperties) = preSolution
		HideSolutionNode = FALSE
	EndGlobalSection
	GlobalSection(ExtensibilityGlobals) = postSolution
		SolutionGuid = {C130F696-8499-499A-BAD8-45F90C3DC05B}
	EndGlobalSection
EndGlobal
